
Microsoft Visual Studio Solution File, Format Version 12.00
Project("{2150E333-8FDC-42A3-9474-1A3956D46DE8}") = "src", "src", "{A3EBC827-9C8E-459E-B970-2E00E6C2DE09}"
EndProject
Project("{2150E333-8FDC-42A3-9474-1A3956D46DE8}") = "Noticias.API", "Noticias.API", "{E77D6DBD-FCFA-4636-A647-49BA9CBADD62}"
EndProject
Project("{2150E333-8FDC-42A3-9474-1A3956D46DE8}") = "Noticias.Domain", "Noticias.Domain", "{CEB7FE0D-ECE5-44B8-99FD-651A2EA34616}"
EndProject
Project("{2150E333-8FDC-42A3-9474-1A3956D46DE8}") = "Noticias.Application", "Noticias.Application", "{B5134F15-6D15-41ED-9208-3F23DCA09EE4}"
EndProject
Project("{2150E333-8FDC-42A3-9474-1A3956D46DE8}") = "Noticias.Infra", "Noticias.Infra", "{3607644C-BA36-4A88-8AE0-0098397C5BF5}"
EndProject
Project("{FAE04EC0-301F-11D3-BF4B-00C04F79EFBC}") = "Noticias.Domain", "Noticias.Domain\Noticias.Domain.csproj", "{28ABDDDE-F966-404B-9614-3ED3178A6B46}"
EndProject
Project("{FAE04EC0-301F-11D3-BF4B-00C04F79EFBC}") = "Noticias.Infra", "Noticias.Infra\Noticias.Infra.csproj", "{4DE9CC4D-3945-499E-8DC7-13534BF654D6}"
EndProject
Project("{FAE04EC0-301F-11D3-BF4B-00C04F79EFBC}") = "Noticias.Application", "Noticias.Application\Noticias.Application.csproj", "{31808A68-FAE6-4669-94B7-FC4EF603F857}"
EndProject
Project("{2150E333-8FDC-42A3-9474-1A3956D46DE8}") = "Noticias.Api", "Noticias.Api", "{4FC64526-DEE2-4A0C-8172-76E1EFEDE891}"
EndProject
Project("{FAE04EC0-301F-11D3-BF4B-00C04F79EFBC}") = "Noticias.Api", "Noticias.Api\Noticias.Api.csproj", "{09EA919C-A034-4E90-98CB-B4929E12D604}"
EndProject
Global
	GlobalSection(SolutionConfigurationPlatforms) = preSolution
		Debug|Any CPU = Debug|Any CPU
		Release|Any CPU = Release|Any CPU
	EndGlobalSection
	GlobalSection(NestedProjects) = preSolution
		{E77D6DBD-FCFA-4636-A647-49BA9CBADD62} = {A3EBC827-9C8E-459E-B970-2E00E6C2DE09}
		{CEB7FE0D-ECE5-44B8-99FD-651A2EA34616} = {A3EBC827-9C8E-459E-B970-2E00E6C2DE09}
		{B5134F15-6D15-41ED-9208-3F23DCA09EE4} = {A3EBC827-9C8E-459E-B970-2E00E6C2DE09}
		{3607644C-BA36-4A88-8AE0-0098397C5BF5} = {A3EBC827-9C8E-459E-B970-2E00E6C2DE09}
		{28ABDDDE-F966-404B-9614-3ED3178A6B46} = {CEB7FE0D-ECE5-44B8-99FD-651A2EA34616}
		{4DE9CC4D-3945-499E-8DC7-13534BF654D6} = {3607644C-BA36-4A88-8AE0-0098397C5BF5}
		{31808A68-FAE6-4669-94B7-FC4EF603F857} = {B5134F15-6D15-41ED-9208-3F23DCA09EE4}
		{4FC64526-DEE2-4A0C-8172-76E1EFEDE891} = {E77D6DBD-FCFA-4636-A647-49BA9CBADD62}
		{09EA919C-A034-4E90-98CB-B4929E12D604} = {4FC64526-DEE2-4A0C-8172-76E1EFEDE891}
	EndGlobalSection
	GlobalSection(ProjectConfigurationPlatforms) = postSolution
		{28ABDDDE-F966-404B-9614-3ED3178A6B46}.Debug|Any CPU.ActiveCfg = Debug|Any CPU
		{28ABDDDE-F966-404B-9614-3ED3178A6B46}.Debug|Any CPU.Build.0 = Debug|Any CPU
		{28ABDDDE-F966-404B-9614-3ED3178A6B46}.Release|Any CPU.ActiveCfg = Release|Any CPU
		{28ABDDDE-F966-404B-9614-3ED3178A6B46}.Release|Any CPU.Build.0 = Release|Any CPU
		{4DE9CC4D-3945-499E-8DC7-13534BF654D6}.Debug|Any CPU.ActiveCfg = Debug|Any CPU
		{4DE9CC4D-3945-499E-8DC7-13534BF654D6}.Debug|Any CPU.Build.0 = Debug|Any CPU
		{4DE9CC4D-3945-499E-8DC7-13534BF654D6}.Release|Any CPU.ActiveCfg = Release|Any CPU
		{4DE9CC4D-3945-499E-8DC7-13534BF654D6}.Release|Any CPU.Build.0 = Release|Any CPU
		{31808A68-FAE6-4669-94B7-FC4EF603F857}.Debug|Any CPU.ActiveCfg = Debug|Any CPU
		{31808A68-FAE6-4669-94B7-FC4EF603F857}.Debug|Any CPU.Build.0 = Debug|Any CPU
		{31808A68-FAE6-4669-94B7-FC4EF603F857}.Release|Any CPU.ActiveCfg = Release|Any CPU
		{31808A68-FAE6-4669-94B7-FC4EF603F857}.Release|Any CPU.Build.0 = Release|Any CPU
		{09EA919C-A034-4E90-98CB-B4929E12D604}.Debug|Any CPU.ActiveCfg = Debug|Any CPU
		{09EA919C-A034-4E90-98CB-B4929E12D604}.Debug|Any CPU.Build.0 = Debug|Any CPU
		{09EA919C-A034-4E90-98CB-B4929E12D604}.Release|Any CPU.ActiveCfg = Release|Any CPU
		{09EA919C-A034-4E90-98CB-B4929E12D604}.Release|Any CPU.Build.0 = Release|Any CPU
	EndGlobalSection
EndGlobal
